
Microsoft Visual Studio Solution File, Format Version 12.00
# Visual Studio Version 16
VisualStudioVersion = 16.0.31129.286
MinimumVisualStudioVersion = 10.0.40219.1
Project("{FAE04EC0-301F-11D3-BF4B-00C04F79EFBC}") = "ASPNETMVC_TypeScriptTooling", "ASPNETMVC_TypeScriptTooling\ASPNETMVC_TypeScriptTooling.csproj", "{EBA3D391-665B-4BE7-9D6C-2E8D3503B275}"
EndProject
Global
	GlobalSection(SolutionConfigurationPlatforms) = preSolution
		Debug|Any CPU = Debug|Any CPU
		Release|Any CPU = Release|Any CPU
	EndGlobalSection
	GlobalSection(ProjectConfigurationPlatforms) = postSolution
		{EBA3D391-665B-4BE7-9D6C-2E8D3503B275}.Debug|Any CPU.ActiveCfg = Debug|Any CPU
		{EBA3D391-665B-4BE7-9D6C-2E8D3503B275}.Debug|Any CPU.Build.0 = Debug|Any CPU
		{EBA3D391-665B-4BE7-9D6C-2E8D3503B275}.Release|Any CPU.ActiveCfg = Release|Any CPU
		{EBA3D391-665B-4BE7-9D6C-2E8D3503B275}.Release|Any CPU.Build.0 = Release|Any CPU
	EndGlobalSection
	GlobalSection(SolutionProperties) = preSolution
		HideSolutionNode = FALSE
	EndGlobalSection
	GlobalSection(ExtensibilityGlobals) = postSolution
		SolutionGuid = {EAE3BE4F-C9CB-4639-8DC9-3D3241DAF8FC}
	EndGlobalSection
EndGlobal
